<?xml version="1.0" encoding="utf-8"?>
<Project ToolsVersion="4.0" xmlns="http://schemas.microsoft.com/developer/msbuild/2003">
  <ItemGroup>
    <Filter Include="Base">
      <UniqueIdentifier>{e896965f-bfb2-47f9-bf8d-a84de286d837}</UniqueIdentifier>
    </Filter>
    <Filter Include="App">
      <UniqueIdentifier>{45e86c5b-4612-4731-881d-30fa162631fd}</UniqueIdentifier>
    </Filter>
    <Filter Include="System">
      <UniqueIdentifier>{bb2dfdfe-9c9e-4019-84bc-46ac8c238c09}</UniqueIdentifier>
    </Filter>
    <Filter Include="HeadFiles">
      <UniqueIdentifier>{0ad4a263-c958-43c8-a112-e98e7ff1340b}</UniqueIdentifier>
    </Filter>
    <Filter Include="Utils">
      <UniqueIdentifier>{c1b10266-e0c5-4d08-b667-64c4634b1085}</UniqueIdentifier>
    </Filter>
    <Filter Include="Heads">
      <UniqueIdentifier>{93995380-89BD-4b04-88EB-625FBE52EBFB}</UniqueIdentifier>
      <Extensions>h;hh;hpp;hxx;hm;inl;inc;xsd</Extensions>
    </Filter>
    <Filter Include="Sources">
      <UniqueIdentifier>{4FC737F1-C7A5-4376-A066-2A32D752A2FF}</UniqueIdentifier>
      <Extensions>cpp;c;cc;cxx;def;odl;idl;hpj;bat;asm;asmx</Extensions>
    </Filter>
    <Filter Include="Resources">
      <UniqueIdentifier>{67DA6AB6-F800-4c08-8B7A-83BB121AAD01}</UniqueIdentifier>
      <Extensions>rc;ico;cur;bmp;dlg;rc2;rct;bin;rgs;gif;jpg;jpeg;jpe;resx;tiff;tif;png;wav;mfcribbon-ms</Extensions>
    </Filter>
  </ItemGroup>
  <ItemGroup>
    <ClInclude Include="Base\Math.h">
      <Filter>Base</Filter>
    </ClInclude>
    <ClInclude Include="Base\Quaternion.h">
      <Filter>Base</Filter>
    </ClInclude>
    <ClInclude Include="Base\Matrix4x4.h">
      <Filter>Base</Filter>
    </ClInclude>
    <ClInclude Include="Base\FileMem.h">
      <Filter>Base</Filter>
    </ClInclude>
    <ClInclude Include="Base\ModelMem.h">
      <Filter>Base</Filter>
    </ClInclude>
    <ClInclude Include="Utils\TestUtils.h">
      <Filter>Utils</Filter>
    </ClInclude>
    <ClInclude Include="Utils\Logger.h">
      <Filter>Utils</Filter>
    </ClInclude>
    <ClInclude Include="Base\Timer.h">
      <Filter>Base</Filter>
    </ClInclude>
    <ClInclude Include="Utils\GlobalUtils.h">
      <Filter>Utils</Filter>
    </ClInclude>
    <ClInclude Include="Utils\DateTime.h">
      <Filter>Utils</Filter>
    </ClInclude>
    <ClInclude Include="Base\Color.h">
      <Filter>Base</Filter>
    </ClInclude>
    <ClInclude Include="System\IWindow.h">
      <Filter>System</Filter>
    </ClInclude>
    <ClInclude Include="System\ConsoleWindow.h">
      <Filter>System</Filter>
    </ClInclude>
    <ClInclude Include="Utils\Parse.h">
      <Filter>Utils</Filter>
    </ClInclude>
    <ClInclude Include="System\DisplayWindow.h">
      <Filter>System</Filter>
    </ClInclude>
    <ClInclude Include="Base\Vector.h">
      <Filter>Base</Filter>
    </ClInclude>
    <ClInclude Include="Base\Rect.h">
      <Filter>Base</Filter>
    </ClInclude>
    <ClInclude Include="Base\Bound.h">
      <Filter>Base</Filter>
    </ClInclude>
    <ClInclude Include="Base\Ray.h">
      <Filter>Base</Filter>
    </ClInclude>
    <ClInclude Include="Base\Plane.h">
      <Filter>Base</Filter>
    </ClInclude>
    <ClInclude Include="Utils\UEPR_Random.h">
      <Filter>Utils</Filter>
    </ClInclude>
    <ClInclude Include="Base\Triangle.h">
      <Filter>Base</Filter>
    </ClInclude>
  </ItemGroup>
  <ItemGroup>
    <ClCompile Include="main.cpp">
      <Filter>System</Filter>
    </ClCompile>
    <ClCompile Include="Base\Matrix4x4.cpp">
      <Filter>Base</Filter>
    </ClCompile>
    <ClCompile Include="Base\Math.cpp">
      <Filter>Base</Filter>
    </ClCompile>
    <ClCompile Include="Base\Quaternion.cpp">
      <Filter>Base</Filter>
    </ClCompile>
    <ClCompile Include="Utils\Logger.cpp">
      <Filter>Utils</Filter>
    </ClCompile>
    <ClCompile Include="Base\Color.cpp">
      <Filter>Base</Filter>
    </ClCompile>
    <ClCompile Include="System\ConsoleWindow.cpp">
      <Filter>System</Filter>
    </ClCompile>
    <ClCompile Include="Utils\Parse.cpp">
      <Filter>Utils</Filter>
    </ClCompile>
    <ClCompile Include="System\DisplayWindow.cpp">
      <Filter>System</Filter>
    </ClCompile>
    <ClCompile Include="Base\Vector.cpp">
      <Filter>Base</Filter>
    </ClCompile>
    <ClCompile Include="Base\Rect.cpp">
      <Filter>Base</Filter>
    </ClCompile>
    <ClCompile Include="Base\Bound.cpp">
      <Filter>Base</Filter>
    </ClCompile>
    <ClCompile Include="Utils\UEPR_Random.cpp">
      <Filter>Utils</Filter>
    </ClCompile>
    <ClCompile Include="Base\Plane.cpp">
      <Filter>Base</Filter>
    </ClCompile>
  </ItemGroup>
</Project>